
Microsoft Visual Studio Solution File, Format Version 12.00
# Visual Studio Version 17
VisualStudioVersion = 17.8.34322.80
MinimumVisualStudioVersion = 10.0.40219.1
Project("{9A19103F-16F7-4668-BE54-9A1E7A4F7556}") = "TextTool", "TextTool\TextTool.csproj", "{1E04B1F9-D6BA-4D71-A6FD-29D8539BAAD0}"
EndProject
Project("{9A19103F-16F7-4668-BE54-9A1E7A4F7556}") = "TextTool.Tests", "TextTool.Tests\TextTool.Tests.csproj", "{3D6172D7-DD53-4799-B42F-5BFFDEF10351}"
EndProject
Project("{FAE04EC0-301F-11D3-BF4B-00C04F79EFBC}") = "TextTool.Benchmark", "TextTool.Benchmark\TextTool.Benchmark.csproj", "{0881D354-227F-4061-BFAC-69D6F44933A9}"
EndProject
Global
	GlobalSection(SolutionConfigurationPlatforms) = preSolution
		Debug|Any CPU = Debug|Any CPU
		Release|Any CPU = Release|Any CPU
	EndGlobalSection
	GlobalSection(ProjectConfigurationPlatforms) = postSolution
		{1E04B1F9-D6BA-4D71-A6FD-29D8539BAAD0}.Debug|Any CPU.ActiveCfg = Debug|Any CPU
		{1E04B1F9-D6BA-4D71-A6FD-29D8539BAAD0}.Debug|Any CPU.Build.0 = Debug|Any CPU
		{1E04B1F9-D6BA-4D71-A6FD-29D8539BAAD0}.Release|Any CPU.ActiveCfg = Release|Any CPU
		{1E04B1F9-D6BA-4D71-A6FD-29D8539BAAD0}.Release|Any CPU.Build.0 = Release|Any CPU
		{3D6172D7-DD53-4799-B42F-5BFFDEF10351}.Debug|Any CPU.ActiveCfg = Debug|Any CPU
		{3D6172D7-DD53-4799-B42F-5BFFDEF10351}.Debug|Any CPU.Build.0 = Debug|Any CPU
		{3D6172D7-DD53-4799-B42F-5BFFDEF10351}.Release|Any CPU.ActiveCfg = Release|Any CPU
		{3D6172D7-DD53-4799-B42F-5BFFDEF10351}.Release|Any CPU.Build.0 = Release|Any CPU
		{0881D354-227F-4061-BFAC-69D6F44933A9}.Debug|Any CPU.ActiveCfg = Debug|Any CPU
		{0881D354-227F-4061-BFAC-69D6F44933A9}.Debug|Any CPU.Build.0 = Debug|Any CPU
		{0881D354-227F-4061-BFAC-69D6F44933A9}.Release|Any CPU.ActiveCfg = Release|Any CPU
		{0881D354-227F-4061-BFAC-69D6F44933A9}.Release|Any CPU.Build.0 = Release|Any CPU
	EndGlobalSection
	GlobalSection(SolutionProperties) = preSolution
		HideSolutionNode = FALSE
	EndGlobalSection
	GlobalSection(ExtensibilityGlobals) = postSolution
		SolutionGuid = {01578D2C-1907-48FB-9591-50737943461D}
	EndGlobalSection
EndGlobal
